{
  "name": "MovieHub01 2",
  "version": "1.0.0",
  "lockfileVersion": 3,
  "requires": true,
  "packages": {
    "": {
      "name": "MovieHub01 2",
      "version": "1.0.0",
      "dependencies": {
        "embla-carousel": "^8.0.0-rc11",
        "embla-carousel-autoplay": "^8.0.0-rc11"
      }
    },
    "node_modules/embla-carousel": {
      "version": "8.0.0-rc11",
      "resolved": "https://registry.npmjs.org/embla-carousel/-/embla-carousel-8.0.0-rc11.tgz",
      "integrity": "sha512-Toeaug98PGYzSY56p/xsa+u4zbQbAXgGymwEDUc2wqT+1XCnnUsH42MClglhABJQbobwDYxOabhJrfXyJKUMig=="
    },
    "node_modules/embla-carousel-autoplay": {
      "version": "8.0.0-rc11",
      "resolved": "https://registry.npmjs.org/embla-carousel-autoplay/-/embla-carousel-autoplay-8.0.0-rc11.tgz",
      "integrity": "sha512-Yzy0cW1ggGL/bJUbp1n6csKiQVz8qYiMQLwsx+/k3bD3niZyXikWEQMSiDUeNHLNUksBAaqHwoLDsrP6Ci/ydg==",
      "peerDependencies": {
        "embla-carousel": "8.0.0-rc11"
      }
    }
  }
}
